
Microsoft Visual Studio Solution File, Format Version 12.00
# Visual Studio Version 16
VisualStudioVersion = 16.0.30404.54
MinimumVisualStudioVersion = 10.0.40219.1
Project("{8BC9CEB8-8B4A-11D0-8D11-00A0C91BC942}") = "课本", "课本\课本.vcxproj", "{FD257BB6-D987-4640-B2BF-13C21F92541A}"
EndProject
Global
	GlobalSection(SolutionConfigurationPlatforms) = preSolution
		Debug|x64 = Debug|x64
		Debug|x86 = Debug|x86
		Release|x64 = Release|x64
		Release|x86 = Release|x86
	EndGlobalSection
	GlobalSection(ProjectConfigurationPlatforms) = postSolution
		{FD257BB6-D987-4640-B2BF-13C21F92541A}.Debug|x64.ActiveCfg = Debug|x64
		{FD257BB6-D987-4640-B2BF-13C21F92541A}.Debug|x64.Build.0 = Debug|x64
		{FD257BB6-D987-4640-B2BF-13C21F92541A}.Debug|x86.ActiveCfg = Debug|Win32
		{FD257BB6-D987-4640-B2BF-13C21F92541A}.Debug|x86.Build.0 = Debug|Win32
		{FD257BB6-D987-4640-B2BF-13C21F92541A}.Release|x64.ActiveCfg = Release|x64
		{FD257BB6-D987-4640-B2BF-13C21F92541A}.Release|x64.Build.0 = Release|x64
		{FD257BB6-D987-4640-B2BF-13C21F92541A}.Release|x86.ActiveCfg = Release|Win32
		{FD257BB6-D987-4640-B2BF-13C21F92541A}.Release|x86.Build.0 = Release|Win32
	EndGlobalSection
	GlobalSection(SolutionProperties) = preSolution
		HideSolutionNode = FALSE
	EndGlobalSection
	GlobalSection(ExtensibilityGlobals) = postSolution
		SolutionGuid = {5DEB61E3-6755-4E56-9026-176768523C65}
	EndGlobalSection
EndGlobal
